
Microsoft Visual Studio Solution File, Format Version 12.00
# Visual Studio Version 16
VisualStudioVersion = 16.0.31205.134
MinimumVisualStudioVersion = 10.0.40219.1
Project("{FAE04EC0-301F-11D3-BF4B-00C04F79EFBC}") = "LockStepNew", "LockStepNew\LockStepNew.csproj", "{C08D430D-74F9-48C0-8139-AA34781394D4}"
EndProject
Project("{FAE04EC0-301F-11D3-BF4B-00C04F79EFBC}") = "LockStepNew.Tests", "LockStepNew.Tests\LockStepNew.Tests.csproj", "{3593B38C-4618-4B67-84D8-416411B9AD26}"
EndProject
Project("{FAE04EC0-301F-11D3-BF4B-00C04F79EFBC}") = "LockStep.Library.Domain", "..\..\..\Documents\ASP_MVC\LockStep_OLD\LockStep.Library.Domain\LockStep.Library.Domain.csproj", "{A91A22C7-9E0C-48B7-979D-6D59505978CD}"
EndProject
Global
	GlobalSection(SolutionConfigurationPlatforms) = preSolution
		Debug|Any CPU = Debug|Any CPU
		Release|Any CPU = Release|Any CPU
	EndGlobalSection
	GlobalSection(ProjectConfigurationPlatforms) = postSolution
		{C08D430D-74F9-48C0-8139-AA34781394D4}.Debug|Any CPU.ActiveCfg = Debug|Any CPU
		{C08D430D-74F9-48C0-8139-AA34781394D4}.Debug|Any CPU.Build.0 = Debug|Any CPU
		{C08D430D-74F9-48C0-8139-AA34781394D4}.Release|Any CPU.ActiveCfg = Release|Any CPU
		{C08D430D-74F9-48C0-8139-AA34781394D4}.Release|Any CPU.Build.0 = Release|Any CPU
		{3593B38C-4618-4B67-84D8-416411B9AD26}.Debug|Any CPU.ActiveCfg = Debug|Any CPU
		{3593B38C-4618-4B67-84D8-416411B9AD26}.Debug|Any CPU.Build.0 = Debug|Any CPU
		{3593B38C-4618-4B67-84D8-416411B9AD26}.Release|Any CPU.ActiveCfg = Release|Any CPU
		{3593B38C-4618-4B67-84D8-416411B9AD26}.Release|Any CPU.Build.0 = Release|Any CPU
		{A91A22C7-9E0C-48B7-979D-6D59505978CD}.Debug|Any CPU.ActiveCfg = Debug|Any CPU
		{A91A22C7-9E0C-48B7-979D-6D59505978CD}.Debug|Any CPU.Build.0 = Debug|Any CPU
		{A91A22C7-9E0C-48B7-979D-6D59505978CD}.Release|Any CPU.ActiveCfg = Release|Any CPU
		{A91A22C7-9E0C-48B7-979D-6D59505978CD}.Release|Any CPU.Build.0 = Release|Any CPU
	EndGlobalSection
	GlobalSection(SolutionProperties) = preSolution
		HideSolutionNode = FALSE
	EndGlobalSection
	GlobalSection(ExtensibilityGlobals) = postSolution
		SolutionGuid = {C182E833-A088-4ECC-A5C3-F7E20C5F139D}
	EndGlobalSection
EndGlobal
